// !$*UTF8*$!
{
	archiveVersion = 1;
	classes = {
	};
	objectVersion = 56;
	objects = {

/* Begin PBXCopyFilesBuildPhase section */
		26B436172B7A1E7F00D1AD63 /* CopyFiles */ = {
			isa = PBXCopyFilesBuildPhase;
			buildActionMask = 2147483647;
			dstPath = /usr/share/man/man1/;
			dstSubfolderSpec = 0;
			files = (
			);
			runOnlyForDeploymentPostprocessing = 1;
		};
/* End PBXCopyFilesBuildPhase section */

/* Begin PBXFileReference section */
		26B436192B7A1E7F00D1AD63 /* Algoritm by CPP */ = {isa = PBXFileReference; explicitFileType = "compiled.mach-o.executable"; includeInIndex = 0; path = "Algoritm by CPP"; sourceTree = BUILT_PRODUCTS_DIR; };
		26B4361C2B7A1E7F00D1AD63 /* 10808.cpp */ = {isa = PBXFileReference; lastKnownFileType = sourcecode.cpp.cpp; path = 10808.cpp; sourceTree = "<group>"; };
		26B4363B2B7A25A000D1AD63 /* 3273.cpp */ = {isa = PBXFileReference; lastKnownFileType = sourcecode.cpp.cpp; path = 3273.cpp; sourceTree = "<group>"; };
		26B436432B7B273500D1AD63 /* 2577.cpp */ = {isa = PBXFileReference; lastKnownFileType = sourcecode.cpp.cpp; path = 2577.cpp; sourceTree = "<group>"; };
		26B436472B7B353500D1AD63 /* 1475.cpp */ = {isa = PBXFileReference; lastKnownFileType = sourcecode.cpp.cpp; path = 1475.cpp; sourceTree = "<group>"; };
		26B4364A2B7B519000D1AD63 /* 1406.cpp */ = {isa = PBXFileReference; lastKnownFileType = sourcecode.cpp.cpp; path = 1406.cpp; sourceTree = "<group>"; };
		26DA215B2B849A4800F5607A /* 10828.cpp */ = {isa = PBXFileReference; lastKnownFileType = sourcecode.cpp.cpp; path = 10828.cpp; sourceTree = "<group>"; };
		26DA21672B84E15700F5607A /* 10845.cpp */ = {isa = PBXFileReference; lastKnownFileType = sourcecode.cpp.cpp; path = 10845.cpp; sourceTree = "<group>"; };
/* End PBXFileReference section */

/* Begin PBXFrameworksBuildPhase section */
		26B436162B7A1E7F00D1AD63 /* Frameworks */ = {
			isa = PBXFrameworksBuildPhase;
			buildActionMask = 2147483647;
			files = (
			);
			runOnlyForDeploymentPostprocessing = 0;
		};
/* End PBXFrameworksBuildPhase section */

/* Begin PBXGroup section */
		26B436102B7A1E7F00D1AD63 = {
			isa = PBXGroup;
			children = (
				26B4361B2B7A1E7F00D1AD63 /* Algoritm by CPP */,
				26B4361A2B7A1E7F00D1AD63 /* Products */,
			);
			sourceTree = "<group>";
		};
		26B4361A2B7A1E7F00D1AD63 /* Products */ = {
			isa = PBXGroup;
			children = (
				26B436192B7A1E7F00D1AD63 /* Algoritm by CPP */,
			);
			name = Products;
			sourceTree = "<group>";
		};
		26B4361B2B7A1E7F00D1AD63 /* Algoritm by CPP */ = {
			isa = PBXGroup;
			children = (
				26DA21662B84E14B00F5607A /* Queue */,
				26DA215A2B849A2D00F5607A /* Stack */,
				26B4364C2B7B579F00D1AD63 /* Linked List */,
				26B4363F2B7A365600D1AD63 /* Array */,
			);
			path = "Algoritm by CPP";
			sourceTree = "<group>";
		};
		26B4363F2B7A365600D1AD63 /* Array */ = {
			isa = PBXGroup;
			children = (
				26B436472B7B353500D1AD63 /* 1475.cpp */,
				26B436432B7B273500D1AD63 /* 2577.cpp */,
				26B4363B2B7A25A000D1AD63 /* 3273.cpp */,
				26B4361C2B7A1E7F00D1AD63 /* 10808.cpp */,
			);
			path = Array;
			sourceTree = "<group>";
		};
		26B4364C2B7B579F00D1AD63 /* Linked List */ = {
			isa = PBXGroup;
			children = (
				26B4364A2B7B519000D1AD63 /* 1406.cpp */,
			);
			path = "Linked List";
			sourceTree = "<group>";
		};
		26DA215A2B849A2D00F5607A /* Stack */ = {
			isa = PBXGroup;
			children = (
				26DA215B2B849A4800F5607A /* 10828.cpp */,
			);
			path = Stack;
			sourceTree = "<group>";
		};
		26DA21662B84E14B00F5607A /* Queue */ = {
			isa = PBXGroup;
			children = (
				26DA21672B84E15700F5607A /* 10845.cpp */,
			);
			path = Queue;
			sourceTree = "<group>";
		};
/* End PBXGroup section */

/* Begin PBXNativeTarget section */
		26B436182B7A1E7F00D1AD63 /* Algoritm by CPP */ = {
			isa = PBXNativeTarget;
			buildConfigurationList = 26B436202B7A1E7F00D1AD63 /* Build configuration list for PBXNativeTarget "Algoritm by CPP" */;
			buildPhases = (
				26B436152B7A1E7F00D1AD63 /* Sources */,
				26B436162B7A1E7F00D1AD63 /* Frameworks */,
				26B436172B7A1E7F00D1AD63 /* CopyFiles */,
			);
			buildRules = (
			);
			dependencies = (
			);
			name = "Algoritm by CPP";
			productName = "Algoritm by CPP";
			productReference = 26B436192B7A1E7F00D1AD63 /* Algoritm by CPP */;
			productType = "com.apple.product-type.tool";
		};
/* End PBXNativeTarget section */

/* Begin PBXProject section */
		26B436112B7A1E7F00D1AD63 /* Project object */ = {
			isa = PBXProject;
			attributes = {
				BuildIndependentTargetsInParallel = 1;
				LastUpgradeCheck = 1520;
				TargetAttributes = {
					26B436182B7A1E7F00D1AD63 = {
						CreatedOnToolsVersion = 14.3.1;
					};
				};
			};
			buildConfigurationList = 26B436142B7A1E7F00D1AD63 /* Build configuration list for PBXProject "Algoritm by CPP" */;
			compatibilityVersion = "Xcode 14.0";
			developmentRegion = en;
			hasScannedForEncodings = 0;
			knownRegions = (
				en,
				Base,
			);
			mainGroup = 26B436102B7A1E7F00D1AD63;
			productRefGroup = 26B4361A2B7A1E7F00D1AD63 /* Products */;
			projectDirPath = "";
			projectRoot = "";
			targets = (
				26B436182B7A1E7F00D1AD63 /* Algoritm by CPP */,
			);
		};
/* End PBXProject section */

/* Begin PBXSourcesBuildPhase section */
		26B436152B7A1E7F00D1AD63 /* Sources */ = {
			isa = PBXSourcesBuildPhase;
			buildActionMask = 2147483647;
			files = (
			);
			runOnlyForDeploymentPostprocessing = 0;
		};
/* End PBXSourcesBuildPhase section */

/* Begin XCBuildConfiguration section */
		26B4361E2B7A1E7F00D1AD63 /* Debug */ = {
			isa = XCBuildConfiguration;
			buildSettings = {
				ALWAYS_SEARCH_USER_PATHS = NO;
				CLANG_ANALYZER_NONNULL = YES;
				CLANG_ANALYZER_NUMBER_OBJECT_CONVERSION = YES_AGGRESSIVE;
				CLANG_CXX_LANGUAGE_STANDARD = "gnu++20";
				CLANG_ENABLE_MODULES = YES;
				CLANG_ENABLE_OBJC_ARC = YES;
				CLANG_ENABLE_OBJC_WEAK = YES;
				CLANG_WARN_BLOCK_CAPTURE_AUTORELEASING = YES;
				CLANG_WARN_BOOL_CONVERSION = YES;
				CLANG_WARN_COMMA = YES;
				CLANG_WARN_CONSTANT_CONVERSION = YES;
				CLANG_WARN_DEPRECATED_OBJC_IMPLEMENTATIONS = YES;
				CLANG_WARN_DIRECT_OBJC_ISA_USAGE = YES_ERROR;
				CLANG_WARN_DOCUMENTATION_COMMENTS = YES;
				CLANG_WARN_EMPTY_BODY = YES;
				CLANG_WARN_ENUM_CONVERSION = YES;
				CLANG_WARN_INFINITE_RECURSION = YES;
				CLANG_WARN_INT_CONVERSION = YES;
				CLANG_WARN_NON_LITERAL_NULL_CONVERSION = YES;
				CLANG_WARN_OBJC_IMPLICIT_RETAIN_SELF = YES;
				CLANG_WARN_OBJC_LITERAL_CONVERSION = YES;
				CLANG_WARN_OBJC_ROOT_CLASS = YES_ERROR;
				CLANG_WARN_QUOTED_INCLUDE_IN_FRAMEWORK_HEADER = YES;
				CLANG_WARN_RANGE_LOOP_ANALYSIS = YES;
				CLANG_WARN_STRICT_PROTOTYPES = YES;
				CLANG_WARN_SUSPICIOUS_MOVE = YES;
				CLANG_WARN_UNGUARDED_AVAILABILITY = YES_AGGRESSIVE;
				CLANG_WARN_UNREACHABLE_CODE = YES;
				CLANG_WARN__DUPLICATE_METHOD_MATCH = YES;
				COPY_PHASE_STRIP = NO;
				DEAD_CODE_STRIPPING = YES;
				DEBUG_INFORMATION_FORMAT = dwarf;
				ENABLE_STRICT_OBJC_MSGSEND = YES;
				ENABLE_TESTABILITY = YES;
				ENABLE_USER_SCRIPT_SANDBOXING = YES;
				GCC_C_LANGUAGE_STANDARD = gnu11;
				GCC_DYNAMIC_NO_PIC = NO;
				GCC_NO_COMMON_BLOCKS = YES;
				GCC_OPTIMIZATION_LEVEL = 0;
				GCC_PREPROCESSOR_DEFINITIONS = (
					"DEBUG=1",
					"$(inherited)",
				);
				GCC_WARN_64_TO_32_BIT_CONVERSION = YES;
				GCC_WARN_ABOUT_RETURN_TYPE = YES_ERROR;
				GCC_WARN_UNDECLARED_SELECTOR = YES;
				GCC_WARN_UNINITIALIZED_AUTOS = YES_AGGRESSIVE;
				GCC_WARN_UNUSED_FUNCTION = YES;
				GCC_WARN_UNUSED_VARIABLE = YES;
				MACOSX_DEPLOYMENT_TARGET = 13.3;
				MTL_ENABLE_DEBUG_INFO = INCLUDE_SOURCE;
				MTL_FAST_MATH = YES;
				ONLY_ACTIVE_ARCH = YES;
				SDKROOT = macosx;
			};
			name = Debug;
		};
		26B4361F2B7A1E7F00D1AD63 /* Release */ = {
			isa = XCBuildConfiguration;
			buildSettings = {
				ALWAYS_SEARCH_USER_PATHS = NO;
				CLANG_ANALYZER_NONNULL = YES;
				CLANG_ANALYZER_NUMBER_OBJECT_CONVERSION = YES_AGGRESSIVE;
				CLANG_CXX_LANGUAGE_STANDARD = "gnu++20";
				CLANG_ENABLE_MODULES = YES;
				CLANG_ENABLE_OBJC_ARC = YES;
				CLANG_ENABLE_OBJC_WEAK = YES;
				CLANG_WARN_BLOCK_CAPTURE_AUTORELEASING = YES;
				CLANG_WARN_BOOL_CONVERSION = YES;
				CLANG_WARN_COMMA = YES;
				CLANG_WARN_CONSTANT_CONVERSION = YES;
				CLANG_WARN_DEPRECATED_OBJC_IMPLEMENTATIONS = YES;
				CLANG_WARN_DIRECT_OBJC_ISA_USAGE = YES_ERROR;
				CLANG_WARN_DOCUMENTATION_COMMENTS = YES;
				CLANG_WARN_EMPTY_BODY = YES;
				CLANG_WARN_ENUM_CONVERSION = YES;
				CLANG_WARN_INFINITE_RECURSION = YES;
				CLANG_WARN_INT_CONVERSION = YES;
				CLANG_WARN_NON_LITERAL_NULL_CONVERSION = YES;
				CLANG_WARN_OBJC_IMPLICIT_RETAIN_SELF = YES;
				CLANG_WARN_OBJC_LITERAL_CONVERSION = YES;
				CLANG_WARN_OBJC_ROOT_CLASS = YES_ERROR;
				CLANG_WARN_QUOTED_INCLUDE_IN_FRAMEWORK_HEADER = YES;
				CLANG_WARN_RANGE_LOOP_ANALYSIS = YES;
				CLANG_WARN_STRICT_PROTOTYPES = YES;
				CLANG_WARN_SUSPICIOUS_MOVE = YES;
				CLANG_WARN_UNGUARDED_AVAILABILITY = YES_AGGRESSIVE;
				CLANG_WARN_UNREACHABLE_CODE = YES;
				CLANG_WARN__DUPLICATE_METHOD_MATCH = YES;
				COPY_PHASE_STRIP = NO;
				DEAD_CODE_STRIPPING = YES;
				DEBUG_INFORMATION_FORMAT = "dwarf-with-dsym";
				ENABLE_NS_ASSERTIONS = NO;
				ENABLE_STRICT_OBJC_MSGSEND = YES;
				ENABLE_USER_SCRIPT_SANDBOXING = YES;
				GCC_C_LANGUAGE_STANDARD = gnu11;
				GCC_NO_COMMON_BLOCKS = YES;
				GCC_WARN_64_TO_32_BIT_CONVERSION = YES;
				GCC_WARN_ABOUT_RETURN_TYPE = YES_ERROR;
				GCC_WARN_UNDECLARED_SELECTOR = YES;
				GCC_WARN_UNINITIALIZED_AUTOS = YES_AGGRESSIVE;
				GCC_WARN_UNUSED_FUNCTION = YES;
				GCC_WARN_UNUSED_VARIABLE = YES;
				MACOSX_DEPLOYMENT_TARGET = 13.3;
				MTL_ENABLE_DEBUG_INFO = NO;
				MTL_FAST_MATH = YES;
				SDKROOT = macosx;
			};
			name = Release;
		};
		26B436212B7A1E7F00D1AD63 /* Debug */ = {
			isa = XCBuildConfiguration;
			buildSettings = {
				CODE_SIGN_STYLE = Automatic;
				DEAD_CODE_STRIPPING = YES;
				PRODUCT_NAME = "$(TARGET_NAME)";
			};
			name = Debug;
		};
		26B436222B7A1E7F00D1AD63 /* Release */ = {
			isa = XCBuildConfiguration;
			buildSettings = {
				CODE_SIGN_STYLE = Automatic;
				DEAD_CODE_STRIPPING = YES;
				PRODUCT_NAME = "$(TARGET_NAME)";
			};
			name = Release;
		};
/* End XCBuildConfiguration section */

/* Begin XCConfigurationList section */
		26B436142B7A1E7F00D1AD63 /* Build configuration list for PBXProject "Algoritm by CPP" */ = {
			isa = XCConfigurationList;
			buildConfigurations = (
				26B4361E2B7A1E7F00D1AD63 /* Debug */,
				26B4361F2B7A1E7F00D1AD63 /* Release */,
			);
			defaultConfigurationIsVisible = 0;
			defaultConfigurationName = Release;
		};
		26B436202B7A1E7F00D1AD63 /* Build configuration list for PBXNativeTarget "Algoritm by CPP" */ = {
			isa = XCConfigurationList;
			buildConfigurations = (
				26B436212B7A1E7F00D1AD63 /* Debug */,
				26B436222B7A1E7F00D1AD63 /* Release */,
			);
			defaultConfigurationIsVisible = 0;
			defaultConfigurationName = Release;
		};
/* End XCConfigurationList section */
	};
	rootObject = 26B436112B7A1E7F00D1AD63 /* Project object */;
}
